
Microsoft Visual Studio Solution File, Format Version 12.00
# Visual Studio Version 16
VisualStudioVersion = 16.0.31410.357
MinimumVisualStudioVersion = 10.0.40219.1
Project("{2150E333-8FDC-42A3-9474-1A3956D46DE8}") = "Tests", "Tests", "{3904CDDB-CFE4-4482-A46A-F9B34648905C}"
EndProject
Project("{2150E333-8FDC-42A3-9474-1A3956D46DE8}") = "Factories", "Factories", "{5EEA3BC7-9B87-474D-AFAB-CAB56C494109}"
EndProject
Project("{2150E333-8FDC-42A3-9474-1A3956D46DE8}") = "BusinessRules", "BusinessRules", "{0004F701-5111-4F69-8FE2-5C40D6C24076}"
EndProject
Project("{2150E333-8FDC-42A3-9474-1A3956D46DE8}") = "Persistence", "Persistence", "{BC17E5B4-509F-4A98-8067-9FA6DAC26840}"
EndProject
Project("{2150E333-8FDC-42A3-9474-1A3956D46DE8}") = "Services", "Services", "{A983CBB5-42B3-4F05-AF97-2E201D785BF1}"
EndProject
Project("{2150E333-8FDC-42A3-9474-1A3956D46DE8}") = "InterfaceLibraries", "InterfaceLibraries", "{22563AFD-580B-4015-AB8C-7E4CEA955D48}"
EndProject
Project("{2150E333-8FDC-42A3-9474-1A3956D46DE8}") = "DependencyInjectors", "DependencyInjectors", "{C27AA5FE-409E-4D10-90B1-95A08CCA760D}"
EndProject
Project("{2150E333-8FDC-42A3-9474-1A3956D46DE8}") = "Applications", "Applications", "{EF2EBF4D-9EDB-432A-BFFC-CC07147C7257}"
EndProject
Project("{2150E333-8FDC-42A3-9474-1A3956D46DE8}") = "Implementations", "Implementations", "{E7636368-4C37-4A20-A949-E3F92BE4E42C}"
EndProject
Project("{9A19103F-16F7-4668-BE54-9A1E7A4F7556}") = "Tests.BusinessRules.General", "Tests.BusinessRules.General\Tests.BusinessRules.General.csproj", "{8A1B67A8-1053-4B64-9E8F-42D129DE2097}"
EndProject
Project("{9A19103F-16F7-4668-BE54-9A1E7A4F7556}") = "InterfaceLibrary.PersistenceRecords", "InterfaceLibraries.PersistenceRecords.SongTitles\InterfaceLibrary.PersistenceRecords.csproj", "{C89E48E9-3D62-42F4-A75D-776E4A737610}"
EndProject
Project("{9A19103F-16F7-4668-BE54-9A1E7A4F7556}") = "InterfaceLibrary.BusinessRules", "InterfaceLibrary.BusinessRules.SongTitles\InterfaceLibrary.BusinessRules.csproj", "{A88FA364-1760-4A67-B06B-B086DEB84E8E}"
EndProject
Project("{2150E333-8FDC-42A3-9474-1A3956D46DE8}") = "Databases", "Databases", "{AC97A6F5-C1F2-48FF-9B8B-ADD63E13DE3C}"
EndProject
Project("{2150E333-8FDC-42A3-9474-1A3956D46DE8}") = "FileSystems", "FileSystems", "{D69E79F7-B363-4864-8AC6-1CCFECAD4746}"
EndProject
Project("{2150E333-8FDC-42A3-9474-1A3956D46DE8}") = "Shared", "Shared", "{2C020DFD-4803-4C4A-BDC7-97E4BB7E73F2}"
EndProject
Project("{9A19103F-16F7-4668-BE54-9A1E7A4F7556}") = "Global", "Global\Global.csproj", "{6553817A-25E7-4C2C-A148-1ACA8AA49BA6}"
EndProject
Project("{2150E333-8FDC-42A3-9474-1A3956D46DE8}") = "Shared", "Shared", "{ADF95DE0-63C5-428B-A509-2C1DBDFCB87E}"
EndProject
Project("{9A19103F-16F7-4668-BE54-9A1E7A4F7556}") = "Tests.Shared", "Tests.Shared\Tests.Shared.csproj", "{DF364E2C-AB5B-4258-87DC-B75EC518AEBF}"
EndProject
Project("{9A19103F-16F7-4668-BE54-9A1E7A4F7556}") = "Implementation.DependencyInjectors", "Implementation.DependencyInjector.BusinessRules\Implementation.DependencyInjectors.csproj", "{5C8A5E16-8DD5-42CB-9FB9-7FA48F06B9A8}"
EndProject
Project("{2150E333-8FDC-42A3-9474-1A3956D46DE8}") = "BusinessRules", "BusinessRules", "{913F1831-93DB-4663-AC94-BC072E12E42D}"
EndProject
Project("{9A19103F-16F7-4668-BE54-9A1E7A4F7556}") = "Implementation.BusinessRules.SongTitles", "Implementation.SongTitles\Implementation.BusinessRules.SongTitles.csproj", "{76901BED-5072-42E8-9429-96F1320115BF}"
EndProject
Project("{9A19103F-16F7-4668-BE54-9A1E7A4F7556}") = "InterfaceLibrary.Shared", "InterfaceLibrary.Shared\InterfaceLibrary.Shared.csproj", "{DB03C563-11AD-4ADC-8C0A-C93EF81AF92D}"
EndProject
Project("{9A19103F-16F7-4668-BE54-9A1E7A4F7556}") = "InterfaceLibrary.Authorizations", "InterfaceLibrary.Authorizations\InterfaceLibrary.Authorizations.csproj", "{E39FA648-FA96-4F40-8737-3C5EC3A313D2}"
EndProject
Project("{2150E333-8FDC-42A3-9474-1A3956D46DE8}") = "WebAPIs", "WebAPIs", "{DB3CE1CB-9571-48F7-BA14-57234B61A38C}"
EndProject
Project("{9A19103F-16F7-4668-BE54-9A1E7A4F7556}") = "InterfaceLibrary.ServiceCallers", "InterfaceLibrary.ServiceCallers\InterfaceLibrary.ServiceCallers.csproj", "{C422E28B-3F61-4B4D-AE0D-0166158994E8}"
EndProject
Project("{9A19103F-16F7-4668-BE54-9A1E7A4F7556}") = "Implementations.ServiceCallers.Database", "Implementations.ServiceCallers.Database\Implementations.ServiceCallers.Database.csproj", "{6D7454DA-DC3D-4D79-9E7F-4F4D308C15C3}"
EndProject
Project("{2150E333-8FDC-42A3-9474-1A3956D46DE8}") = "ServiceCallers", "ServiceCallers", "{D9D9E899-B017-43C3-873C-F6F6BCD6D009}"
EndProject
Project("{2150E333-8FDC-42A3-9474-1A3956D46DE8}") = "Asaph", "Asaph", "{58098F2C-ABC3-4675-AEB4-9D89AD3174B2}"
EndProject
Project("{9A19103F-16F7-4668-BE54-9A1E7A4F7556}") = "InterfaceLibrary.EventLogs", "InterfaceLibrary.EventLogs\InterfaceLibrary.EventLogs.csproj", "{0DC5C19C-C13A-4E4B-ABCB-7FB7625162F5}"
EndProject
Project("{9A19103F-16F7-4668-BE54-9A1E7A4F7556}") = "InterfaceLibrary.RecordRevisions", "InterfaceLibrary.RecordRevisions\InterfaceLibrary.RecordRevisions.csproj", "{0C4ACD96-C104-43A6-BC81-C0DE50800BFC}"
EndProject
Project("{FAE04EC0-301F-11D3-BF4B-00C04F79EFBC}") = "Tests.Factories", "Tests.Factories\Tests.Factories.csproj", "{82546512-2A91-41C3-B4F9-9F70E56317CA}"
EndProject
Global
	GlobalSection(SolutionConfigurationPlatforms) = preSolution
		Debug|Any CPU = Debug|Any CPU
		Release|Any CPU = Release|Any CPU
	EndGlobalSection
	GlobalSection(ProjectConfigurationPlatforms) = postSolution
		{8A1B67A8-1053-4B64-9E8F-42D129DE2097}.Debug|Any CPU.ActiveCfg = Debug|Any CPU
		{8A1B67A8-1053-4B64-9E8F-42D129DE2097}.Debug|Any CPU.Build.0 = Debug|Any CPU
		{8A1B67A8-1053-4B64-9E8F-42D129DE2097}.Release|Any CPU.ActiveCfg = Release|Any CPU
		{8A1B67A8-1053-4B64-9E8F-42D129DE2097}.Release|Any CPU.Build.0 = Release|Any CPU
		{C89E48E9-3D62-42F4-A75D-776E4A737610}.Debug|Any CPU.ActiveCfg = Debug|Any CPU
		{C89E48E9-3D62-42F4-A75D-776E4A737610}.Debug|Any CPU.Build.0 = Debug|Any CPU
		{C89E48E9-3D62-42F4-A75D-776E4A737610}.Release|Any CPU.ActiveCfg = Release|Any CPU
		{C89E48E9-3D62-42F4-A75D-776E4A737610}.Release|Any CPU.Build.0 = Release|Any CPU
		{A88FA364-1760-4A67-B06B-B086DEB84E8E}.Debug|Any CPU.ActiveCfg = Debug|Any CPU
		{A88FA364-1760-4A67-B06B-B086DEB84E8E}.Debug|Any CPU.Build.0 = Debug|Any CPU
		{A88FA364-1760-4A67-B06B-B086DEB84E8E}.Release|Any CPU.ActiveCfg = Release|Any CPU
		{A88FA364-1760-4A67-B06B-B086DEB84E8E}.Release|Any CPU.Build.0 = Release|Any CPU
		{6553817A-25E7-4C2C-A148-1ACA8AA49BA6}.Debug|Any CPU.ActiveCfg = Debug|Any CPU
		{6553817A-25E7-4C2C-A148-1ACA8AA49BA6}.Debug|Any CPU.Build.0 = Debug|Any CPU
		{6553817A-25E7-4C2C-A148-1ACA8AA49BA6}.Release|Any CPU.ActiveCfg = Release|Any CPU
		{6553817A-25E7-4C2C-A148-1ACA8AA49BA6}.Release|Any CPU.Build.0 = Release|Any CPU
		{DF364E2C-AB5B-4258-87DC-B75EC518AEBF}.Debug|Any CPU.ActiveCfg = Debug|Any CPU
		{DF364E2C-AB5B-4258-87DC-B75EC518AEBF}.Debug|Any CPU.Build.0 = Debug|Any CPU
		{DF364E2C-AB5B-4258-87DC-B75EC518AEBF}.Release|Any CPU.ActiveCfg = Release|Any CPU
		{DF364E2C-AB5B-4258-87DC-B75EC518AEBF}.Release|Any CPU.Build.0 = Release|Any CPU
		{5C8A5E16-8DD5-42CB-9FB9-7FA48F06B9A8}.Debug|Any CPU.ActiveCfg = Debug|Any CPU
		{5C8A5E16-8DD5-42CB-9FB9-7FA48F06B9A8}.Debug|Any CPU.Build.0 = Debug|Any CPU
		{5C8A5E16-8DD5-42CB-9FB9-7FA48F06B9A8}.Release|Any CPU.ActiveCfg = Release|Any CPU
		{5C8A5E16-8DD5-42CB-9FB9-7FA48F06B9A8}.Release|Any CPU.Build.0 = Release|Any CPU
		{76901BED-5072-42E8-9429-96F1320115BF}.Debug|Any CPU.ActiveCfg = Debug|Any CPU
		{76901BED-5072-42E8-9429-96F1320115BF}.Debug|Any CPU.Build.0 = Debug|Any CPU
		{76901BED-5072-42E8-9429-96F1320115BF}.Release|Any CPU.ActiveCfg = Release|Any CPU
		{76901BED-5072-42E8-9429-96F1320115BF}.Release|Any CPU.Build.0 = Release|Any CPU
		{DB03C563-11AD-4ADC-8C0A-C93EF81AF92D}.Debug|Any CPU.ActiveCfg = Debug|Any CPU
		{DB03C563-11AD-4ADC-8C0A-C93EF81AF92D}.Debug|Any CPU.Build.0 = Debug|Any CPU
		{DB03C563-11AD-4ADC-8C0A-C93EF81AF92D}.Release|Any CPU.ActiveCfg = Release|Any CPU
		{DB03C563-11AD-4ADC-8C0A-C93EF81AF92D}.Release|Any CPU.Build.0 = Release|Any CPU
		{E39FA648-FA96-4F40-8737-3C5EC3A313D2}.Debug|Any CPU.ActiveCfg = Debug|Any CPU
		{E39FA648-FA96-4F40-8737-3C5EC3A313D2}.Debug|Any CPU.Build.0 = Debug|Any CPU
		{E39FA648-FA96-4F40-8737-3C5EC3A313D2}.Release|Any CPU.ActiveCfg = Release|Any CPU
		{E39FA648-FA96-4F40-8737-3C5EC3A313D2}.Release|Any CPU.Build.0 = Release|Any CPU
		{C422E28B-3F61-4B4D-AE0D-0166158994E8}.Debug|Any CPU.ActiveCfg = Debug|Any CPU
		{C422E28B-3F61-4B4D-AE0D-0166158994E8}.Debug|Any CPU.Build.0 = Debug|Any CPU
		{C422E28B-3F61-4B4D-AE0D-0166158994E8}.Release|Any CPU.ActiveCfg = Release|Any CPU
		{C422E28B-3F61-4B4D-AE0D-0166158994E8}.Release|Any CPU.Build.0 = Release|Any CPU
		{6D7454DA-DC3D-4D79-9E7F-4F4D308C15C3}.Debug|Any CPU.ActiveCfg = Debug|Any CPU
		{6D7454DA-DC3D-4D79-9E7F-4F4D308C15C3}.Debug|Any CPU.Build.0 = Debug|Any CPU
		{6D7454DA-DC3D-4D79-9E7F-4F4D308C15C3}.Release|Any CPU.ActiveCfg = Release|Any CPU
		{6D7454DA-DC3D-4D79-9E7F-4F4D308C15C3}.Release|Any CPU.Build.0 = Release|Any CPU
		{0DC5C19C-C13A-4E4B-ABCB-7FB7625162F5}.Debug|Any CPU.ActiveCfg = Debug|Any CPU
		{0DC5C19C-C13A-4E4B-ABCB-7FB7625162F5}.Debug|Any CPU.Build.0 = Debug|Any CPU
		{0DC5C19C-C13A-4E4B-ABCB-7FB7625162F5}.Release|Any CPU.ActiveCfg = Release|Any CPU
		{0DC5C19C-C13A-4E4B-ABCB-7FB7625162F5}.Release|Any CPU.Build.0 = Release|Any CPU
		{0C4ACD96-C104-43A6-BC81-C0DE50800BFC}.Debug|Any CPU.ActiveCfg = Debug|Any CPU
		{0C4ACD96-C104-43A6-BC81-C0DE50800BFC}.Debug|Any CPU.Build.0 = Debug|Any CPU
		{0C4ACD96-C104-43A6-BC81-C0DE50800BFC}.Release|Any CPU.ActiveCfg = Release|Any CPU
		{0C4ACD96-C104-43A6-BC81-C0DE50800BFC}.Release|Any CPU.Build.0 = Release|Any CPU
		{82546512-2A91-41C3-B4F9-9F70E56317CA}.Debug|Any CPU.ActiveCfg = Debug|Any CPU
		{82546512-2A91-41C3-B4F9-9F70E56317CA}.Debug|Any CPU.Build.0 = Debug|Any CPU
		{82546512-2A91-41C3-B4F9-9F70E56317CA}.Release|Any CPU.ActiveCfg = Release|Any CPU
		{82546512-2A91-41C3-B4F9-9F70E56317CA}.Release|Any CPU.Build.0 = Release|Any CPU
	EndGlobalSection
	GlobalSection(SolutionProperties) = preSolution
		HideSolutionNode = FALSE
	EndGlobalSection
	GlobalSection(NestedProjects) = preSolution
		{3904CDDB-CFE4-4482-A46A-F9B34648905C} = {58098F2C-ABC3-4675-AEB4-9D89AD3174B2}
		{5EEA3BC7-9B87-474D-AFAB-CAB56C494109} = {3904CDDB-CFE4-4482-A46A-F9B34648905C}
		{0004F701-5111-4F69-8FE2-5C40D6C24076} = {3904CDDB-CFE4-4482-A46A-F9B34648905C}
		{BC17E5B4-509F-4A98-8067-9FA6DAC26840} = {3904CDDB-CFE4-4482-A46A-F9B34648905C}
		{A983CBB5-42B3-4F05-AF97-2E201D785BF1} = {58098F2C-ABC3-4675-AEB4-9D89AD3174B2}
		{22563AFD-580B-4015-AB8C-7E4CEA955D48} = {58098F2C-ABC3-4675-AEB4-9D89AD3174B2}
		{C27AA5FE-409E-4D10-90B1-95A08CCA760D} = {E7636368-4C37-4A20-A949-E3F92BE4E42C}
		{EF2EBF4D-9EDB-432A-BFFC-CC07147C7257} = {58098F2C-ABC3-4675-AEB4-9D89AD3174B2}
		{E7636368-4C37-4A20-A949-E3F92BE4E42C} = {58098F2C-ABC3-4675-AEB4-9D89AD3174B2}
		{8A1B67A8-1053-4B64-9E8F-42D129DE2097} = {0004F701-5111-4F69-8FE2-5C40D6C24076}
		{C89E48E9-3D62-42F4-A75D-776E4A737610} = {22563AFD-580B-4015-AB8C-7E4CEA955D48}
		{A88FA364-1760-4A67-B06B-B086DEB84E8E} = {22563AFD-580B-4015-AB8C-7E4CEA955D48}
		{AC97A6F5-C1F2-48FF-9B8B-ADD63E13DE3C} = {A983CBB5-42B3-4F05-AF97-2E201D785BF1}
		{D69E79F7-B363-4864-8AC6-1CCFECAD4746} = {A983CBB5-42B3-4F05-AF97-2E201D785BF1}
		{2C020DFD-4803-4C4A-BDC7-97E4BB7E73F2} = {58098F2C-ABC3-4675-AEB4-9D89AD3174B2}
		{6553817A-25E7-4C2C-A148-1ACA8AA49BA6} = {2C020DFD-4803-4C4A-BDC7-97E4BB7E73F2}
		{ADF95DE0-63C5-428B-A509-2C1DBDFCB87E} = {3904CDDB-CFE4-4482-A46A-F9B34648905C}
		{DF364E2C-AB5B-4258-87DC-B75EC518AEBF} = {ADF95DE0-63C5-428B-A509-2C1DBDFCB87E}
		{5C8A5E16-8DD5-42CB-9FB9-7FA48F06B9A8} = {C27AA5FE-409E-4D10-90B1-95A08CCA760D}
		{913F1831-93DB-4663-AC94-BC072E12E42D} = {E7636368-4C37-4A20-A949-E3F92BE4E42C}
		{76901BED-5072-42E8-9429-96F1320115BF} = {913F1831-93DB-4663-AC94-BC072E12E42D}
		{DB03C563-11AD-4ADC-8C0A-C93EF81AF92D} = {22563AFD-580B-4015-AB8C-7E4CEA955D48}
		{E39FA648-FA96-4F40-8737-3C5EC3A313D2} = {22563AFD-580B-4015-AB8C-7E4CEA955D48}
		{DB3CE1CB-9571-48F7-BA14-57234B61A38C} = {A983CBB5-42B3-4F05-AF97-2E201D785BF1}
		{C422E28B-3F61-4B4D-AE0D-0166158994E8} = {22563AFD-580B-4015-AB8C-7E4CEA955D48}
		{6D7454DA-DC3D-4D79-9E7F-4F4D308C15C3} = {D9D9E899-B017-43C3-873C-F6F6BCD6D009}
		{D9D9E899-B017-43C3-873C-F6F6BCD6D009} = {E7636368-4C37-4A20-A949-E3F92BE4E42C}
		{0DC5C19C-C13A-4E4B-ABCB-7FB7625162F5} = {22563AFD-580B-4015-AB8C-7E4CEA955D48}
		{0C4ACD96-C104-43A6-BC81-C0DE50800BFC} = {22563AFD-580B-4015-AB8C-7E4CEA955D48}
		{82546512-2A91-41C3-B4F9-9F70E56317CA} = {5EEA3BC7-9B87-474D-AFAB-CAB56C494109}
	EndGlobalSection
	GlobalSection(ExtensibilityGlobals) = postSolution
		SolutionGuid = {535D1623-2EF1-4A33-BC6E-A081B95D06C2}
	EndGlobalSection
EndGlobal
